
Microsoft Visual Studio Solution File, Format Version 12.00
# Visual Studio 15
VisualStudioVersion = 15.0.28307.902
MinimumVisualStudioVersion = 10.0.40219.1
Project("{FAE04EC0-301F-11D3-BF4B-00C04F79EFBC}") = "RestP2", "RestP2\RestP2.csproj", "{90031D6F-8620-4575-A641-E2B1F3B253DB}"
EndProject
Global
	GlobalSection(SolutionConfigurationPlatforms) = preSolution
		Debug|Any CPU = Debug|Any CPU
		Release|Any CPU = Release|Any CPU
	EndGlobalSection
	GlobalSection(ProjectConfigurationPlatforms) = postSolution
		{90031D6F-8620-4575-A641-E2B1F3B253DB}.Debug|Any CPU.ActiveCfg = Debug|Any CPU
		{90031D6F-8620-4575-A641-E2B1F3B253DB}.Debug|Any CPU.Build.0 = Debug|Any CPU
		{90031D6F-8620-4575-A641-E2B1F3B253DB}.Release|Any CPU.ActiveCfg = Release|Any CPU
		{90031D6F-8620-4575-A641-E2B1F3B253DB}.Release|Any CPU.Build.0 = Release|Any CPU
	EndGlobalSection
	GlobalSection(SolutionProperties) = preSolution
		HideSolutionNode = FALSE
	EndGlobalSection
	GlobalSection(ExtensibilityGlobals) = postSolution
		SolutionGuid = {27EE9841-0A65-44EC-9EBA-165D3F1A84F4}
	EndGlobalSection
EndGlobal
